
Microsoft Visual Studio Solution File, Format Version 12.00
# Visual Studio 15
Project("{FAE04EC0-301F-11D3-BF4B-00C04F79EFBC}") = "Assembly-CSharp", "Assembly-CSharp.csproj", "{3A8398B8-9969-C7AC-CBE7-88FFC03B8965}"
EndProject
Project("{FAE04EC0-301F-11D3-BF4B-00C04F79EFBC}") = "Minis", "Minis.csproj", "{3EDC97E4-7A44-FA40-8791-36CC6ADC505C}"
EndProject
Project("{FAE04EC0-301F-11D3-BF4B-00C04F79EFBC}") = "Assembly-CSharp-firstpass", "Assembly-CSharp-firstpass.csproj", "{EF56A17D-A8D5-9727-4814-160A989BE8EA}"
EndProject
Project("{FAE04EC0-301F-11D3-BF4B-00C04F79EFBC}") = "ZString-Ext", "ZString-Ext.csproj", "{8C6F69CD-71EB-28B6-640C-2395B3E62A59}"
EndProject
Project("{FAE04EC0-301F-11D3-BF4B-00C04F79EFBC}") = "Assembly-CSharp-Editor", "Assembly-CSharp-Editor.csproj", "{D968A7C2-4726-1C4F-D5A6-D54EAC0809B9}"
EndProject
Project("{FAE04EC0-301F-11D3-BF4B-00C04F79EFBC}") = "Assembly-CSharp-Editor-firstpass", "Assembly-CSharp-Editor-firstpass.csproj", "{AE4B4ED7-3B5C-CC2E-7D84-91C923384990}"
EndProject
Project("{FAE04EC0-301F-11D3-BF4B-00C04F79EFBC}") = "DependenciesHunter.Editor", "DependenciesHunter.Editor.csproj", "{EBBC9958-A2CA-7FB6-BB41-02D2E4830F78}"
EndProject
Project("{FAE04EC0-301F-11D3-BF4B-00C04F79EFBC}") = "Minis.Editor", "Minis.Editor.csproj", "{2BE9A084-6BC4-8E8D-3DEE-FC5DB9BF4F6A}"
EndProject
Project("{2150E333-8FDC-42A3-9474-1A3956D46DE8}") = "YARG.Core", "YARG.Core", "{A5149AED-7B0B-4AB8-B346-7DD142323B43}"
EndProject
Project("{FAE04EC0-301F-11D3-BF4B-00C04F79EFBC}") = "ReplayAnalyzer", "YARG.Core\ReplayAnalyzer\ReplayAnalyzer.csproj", "{B7A2C07B-9764-4CE0-BFF1-11F57F40AE3D}"
EndProject
Project("{FAE04EC0-301F-11D3-BF4B-00C04F79EFBC}") = "TestConsole", "YARG.Core\TestConsole\TestConsole.csproj", "{D5DF0168-F0EC-46C5-A1FE-120B5DCCC683}"
EndProject
Project("{FAE04EC0-301F-11D3-BF4B-00C04F79EFBC}") = "YARG.Core", "YARG.Core\YARG.Core\YARG.Core.csproj", "{35B861C1-490A-40D4-8BBD-68A26C6E844A}"
EndProject
Project("{FAE04EC0-301F-11D3-BF4B-00C04F79EFBC}") = "YARG.Core.Benchmarks", "YARG.Core\YARG.Core.Benchmarks\YARG.Core.Benchmarks.csproj", "{F5CB9FD3-CB25-4DF1-BEC7-34521738DDBC}"
EndProject
Project("{FAE04EC0-301F-11D3-BF4B-00C04F79EFBC}") = "YARG.Core.UnitTests", "YARG.Core\YARG.Core.UnitTests\YARG.Core.UnitTests.csproj", "{A911E3A8-C674-4878-8417-E8818086BA44}"
EndProject
Global
	GlobalSection(SolutionConfigurationPlatforms) = preSolution
		Debug|Any CPU = Debug|Any CPU
		Release|Any CPU = Release|Any CPU
	EndGlobalSection
	GlobalSection(ProjectConfigurationPlatforms) = postSolution
		{3A8398B8-9969-C7AC-CBE7-88FFC03B8965}.Debug|Any CPU.ActiveCfg = Debug|Any CPU
		{3A8398B8-9969-C7AC-CBE7-88FFC03B8965}.Debug|Any CPU.Build.0 = Debug|Any CPU
		{3A8398B8-9969-C7AC-CBE7-88FFC03B8965}.Release|Any CPU.ActiveCfg = Release|Any CPU
		{3A8398B8-9969-C7AC-CBE7-88FFC03B8965}.Release|Any CPU.Build.0 = Release|Any CPU
		{3EDC97E4-7A44-FA40-8791-36CC6ADC505C}.Debug|Any CPU.ActiveCfg = Debug|Any CPU
		{3EDC97E4-7A44-FA40-8791-36CC6ADC505C}.Debug|Any CPU.Build.0 = Debug|Any CPU
		{3EDC97E4-7A44-FA40-8791-36CC6ADC505C}.Release|Any CPU.ActiveCfg = Release|Any CPU
		{3EDC97E4-7A44-FA40-8791-36CC6ADC505C}.Release|Any CPU.Build.0 = Release|Any CPU
		{EF56A17D-A8D5-9727-4814-160A989BE8EA}.Debug|Any CPU.ActiveCfg = Debug|Any CPU
		{EF56A17D-A8D5-9727-4814-160A989BE8EA}.Debug|Any CPU.Build.0 = Debug|Any CPU
		{EF56A17D-A8D5-9727-4814-160A989BE8EA}.Release|Any CPU.ActiveCfg = Release|Any CPU
		{EF56A17D-A8D5-9727-4814-160A989BE8EA}.Release|Any CPU.Build.0 = Release|Any CPU
		{8C6F69CD-71EB-28B6-640C-2395B3E62A59}.Debug|Any CPU.ActiveCfg = Debug|Any CPU
		{8C6F69CD-71EB-28B6-640C-2395B3E62A59}.Debug|Any CPU.Build.0 = Debug|Any CPU
		{8C6F69CD-71EB-28B6-640C-2395B3E62A59}.Release|Any CPU.ActiveCfg = Release|Any CPU
		{8C6F69CD-71EB-28B6-640C-2395B3E62A59}.Release|Any CPU.Build.0 = Release|Any CPU
		{D968A7C2-4726-1C4F-D5A6-D54EAC0809B9}.Debug|Any CPU.ActiveCfg = Debug|Any CPU
		{D968A7C2-4726-1C4F-D5A6-D54EAC0809B9}.Debug|Any CPU.Build.0 = Debug|Any CPU
		{D968A7C2-4726-1C4F-D5A6-D54EAC0809B9}.Release|Any CPU.ActiveCfg = Release|Any CPU
		{D968A7C2-4726-1C4F-D5A6-D54EAC0809B9}.Release|Any CPU.Build.0 = Release|Any CPU
		{AE4B4ED7-3B5C-CC2E-7D84-91C923384990}.Debug|Any CPU.ActiveCfg = Debug|Any CPU
		{AE4B4ED7-3B5C-CC2E-7D84-91C923384990}.Debug|Any CPU.Build.0 = Debug|Any CPU
		{AE4B4ED7-3B5C-CC2E-7D84-91C923384990}.Release|Any CPU.ActiveCfg = Release|Any CPU
		{AE4B4ED7-3B5C-CC2E-7D84-91C923384990}.Release|Any CPU.Build.0 = Release|Any CPU
		{EBBC9958-A2CA-7FB6-BB41-02D2E4830F78}.Debug|Any CPU.ActiveCfg = Debug|Any CPU
		{EBBC9958-A2CA-7FB6-BB41-02D2E4830F78}.Debug|Any CPU.Build.0 = Debug|Any CPU
		{EBBC9958-A2CA-7FB6-BB41-02D2E4830F78}.Release|Any CPU.ActiveCfg = Release|Any CPU
		{EBBC9958-A2CA-7FB6-BB41-02D2E4830F78}.Release|Any CPU.Build.0 = Release|Any CPU
		{2BE9A084-6BC4-8E8D-3DEE-FC5DB9BF4F6A}.Debug|Any CPU.ActiveCfg = Debug|Any CPU
		{2BE9A084-6BC4-8E8D-3DEE-FC5DB9BF4F6A}.Debug|Any CPU.Build.0 = Debug|Any CPU
		{2BE9A084-6BC4-8E8D-3DEE-FC5DB9BF4F6A}.Release|Any CPU.ActiveCfg = Release|Any CPU
		{2BE9A084-6BC4-8E8D-3DEE-FC5DB9BF4F6A}.Release|Any CPU.Build.0 = Release|Any CPU
		{B7A2C07B-9764-4CE0-BFF1-11F57F40AE3D}.Debug|Any CPU.ActiveCfg = Debug|Any CPU
		{B7A2C07B-9764-4CE0-BFF1-11F57F40AE3D}.Debug|Any CPU.Build.0 = Debug|Any CPU
		{B7A2C07B-9764-4CE0-BFF1-11F57F40AE3D}.Release|Any CPU.ActiveCfg = Release|Any CPU
		{B7A2C07B-9764-4CE0-BFF1-11F57F40AE3D}.Release|Any CPU.Build.0 = Release|Any CPU
		{D5DF0168-F0EC-46C5-A1FE-120B5DCCC683}.Debug|Any CPU.ActiveCfg = Debug|Any CPU
		{D5DF0168-F0EC-46C5-A1FE-120B5DCCC683}.Debug|Any CPU.Build.0 = Debug|Any CPU
		{D5DF0168-F0EC-46C5-A1FE-120B5DCCC683}.Release|Any CPU.ActiveCfg = Release|Any CPU
		{D5DF0168-F0EC-46C5-A1FE-120B5DCCC683}.Release|Any CPU.Build.0 = Release|Any CPU
		{35B861C1-490A-40D4-8BBD-68A26C6E844A}.Debug|Any CPU.ActiveCfg = Debug|Any CPU
		{35B861C1-490A-40D4-8BBD-68A26C6E844A}.Debug|Any CPU.Build.0 = Debug|Any CPU
		{35B861C1-490A-40D4-8BBD-68A26C6E844A}.Release|Any CPU.ActiveCfg = Release|Any CPU
		{35B861C1-490A-40D4-8BBD-68A26C6E844A}.Release|Any CPU.Build.0 = Release|Any CPU
		{F5CB9FD3-CB25-4DF1-BEC7-34521738DDBC}.Debug|Any CPU.ActiveCfg = Debug|Any CPU
		{F5CB9FD3-CB25-4DF1-BEC7-34521738DDBC}.Debug|Any CPU.Build.0 = Debug|Any CPU
		{F5CB9FD3-CB25-4DF1-BEC7-34521738DDBC}.Release|Any CPU.ActiveCfg = Release|Any CPU
		{F5CB9FD3-CB25-4DF1-BEC7-34521738DDBC}.Release|Any CPU.Build.0 = Release|Any CPU
		{A911E3A8-C674-4878-8417-E8818086BA44}.Debug|Any CPU.ActiveCfg = Debug|Any CPU
		{A911E3A8-C674-4878-8417-E8818086BA44}.Debug|Any CPU.Build.0 = Debug|Any CPU
		{A911E3A8-C674-4878-8417-E8818086BA44}.Release|Any CPU.ActiveCfg = Release|Any CPU
		{A911E3A8-C674-4878-8417-E8818086BA44}.Release|Any CPU.Build.0 = Release|Any CPU
	EndGlobalSection
	GlobalSection(SolutionProperties) = preSolution
		HideSolutionNode = FALSE
	EndGlobalSection
	GlobalSection(NestedProjects) = preSolution
		{B7A2C07B-9764-4CE0-BFF1-11F57F40AE3D} = {A5149AED-7B0B-4AB8-B346-7DD142323B43}
		{D5DF0168-F0EC-46C5-A1FE-120B5DCCC683} = {A5149AED-7B0B-4AB8-B346-7DD142323B43}
		{35B861C1-490A-40D4-8BBD-68A26C6E844A} = {A5149AED-7B0B-4AB8-B346-7DD142323B43}
		{F5CB9FD3-CB25-4DF1-BEC7-34521738DDBC} = {A5149AED-7B0B-4AB8-B346-7DD142323B43}
		{A911E3A8-C674-4878-8417-E8818086BA44} = {A5149AED-7B0B-4AB8-B346-7DD142323B43}
	EndGlobalSection
EndGlobal
